Microsoft Visual Studio Solution File, Format Version 12.00
# Visual Studio Version 17
VisualStudioVersion = 17.0.31903.59
MinimumVisualStudioVersion = 10.0.40219.1
Project("{9A19103F-16F7-4668-BE54-9A1E7A4F7556}") = "MyApp.Api", "src\MyApp.Api\MyApp.Api.csproj", "{509F6148-A7BE-47EA-8A54-1B180251670C}"
EndProject
Project("{9A19103F-16F7-4668-BE54-9A1E7A4F7556}") = "MyApp.Client", "src\MyApp.Client\MyApp.Client.csproj", "{1293E94F-D9AC-48B8-B1E0-69680B00CB61}"
EndProject
Global
	GlobalSection(SolutionConfigurationPlatforms) = preSolution
		Debug|Any CPU = Debug|Any CPU
		Release|Any CPU = Release|Any CPU
	EndGlobalSection
	GlobalSection(SolutionProperties) = preSolution
		HideSolutionNode = FALSE
	EndGlobalSection
	GlobalSection(ProjectConfigurationPlatforms) = postSolution
		{509F6148-A7BE-47EA-8A54-1B180251670C}.Debug|Any CPU.ActiveCfg = Debug|Any CPU
		{509F6148-A7BE-47EA-8A54-1B180251670C}.Debug|Any CPU.Build.0 = Debug|Any CPU
		{509F6148-A7BE-47EA-8A54-1B180251670C}.Release|Any CPU.ActiveCfg = Release|Any CPU
		{509F6148-A7BE-47EA-8A54-1B180251670C}.Release|Any CPU.Build.0 = Release|Any CPU
		{1293E94F-D9AC-48B8-B1E0-69680B00CB61}.Debug|Any CPU.ActiveCfg = Debug|Any CPU
		{1293E94F-D9AC-48B8-B1E0-69680B00CB61}.Debug|Any CPU.Build.0 = Debug|Any CPU
		{1293E94F-D9AC-48B8-B1E0-69680B00CB61}.Release|Any CPU.ActiveCfg = Release|Any CPU
		{1293E94F-D9AC-48B8-B1E0-69680B00CB61}.Release|Any CPU.Build.0 = Release|Any CPU
	EndGlobalSection
EndGlobal
